{
  "name": "event-driven-web-components",
  "version": "3.4.0",
  "lockfileVersion": 3,
  "requires": true,
  "packages": {
    "": {
      "name": "event-driven-web-components",
      "version": "3.4.0",
      "license": "ISC",
      "dependencies": {
        "morphdom": "^2.7.5"
      },
      "devDependencies": {
        "typescript": "^5.8.3"
      }
    },
    "node_modules/morphdom": {
      "version": "2.7.5",
      "resolved": "https://registry.npmjs.org/morphdom/-/morphdom-2.7.5.tgz",
      "integrity": "sha512-z6bfWFMra7kBqDjQGHud1LSXtq5JJC060viEkQFMBX6baIecpkNr2Ywrn2OQfWP3rXiNFQRPoFjD8/TvJcWcDg==",
      "license": "MIT"
    },
    "node_modules/typescript": {
      "version": "5.8.3",
      "resolved": "https://registry.npmjs.org/typescript/-/typescript-5.8.3.tgz",
      "integrity": "sha512-p1diW6TqL9L07nNxvRMM7hMMw4c5XOo/1ibL4aAIGmSAt9slTE1Xgw5KWuof2uTOvCg9BY7ZRi+GaF+7sfgPeQ==",
      "dev": true,
      "license": "Apache-2.0",
      "bin": {
        "tsc": "bin/tsc",
        "tsserver": "bin/tsserver"
      },
      "engines": {
        "node": ">=14.17"
      }
    }
  }
}
